# @generated by Move, please check-in and do not edit manually.

[move]
version = 3
manifest_digest = "7C85BA2F888AD6D0B6C5369F56E53BDD0A59214E2A4542670A5B1EA2C840D7C4"
deps_digest = "F8BBB0CCB2491CA29A3DF03D6F92277A4F3574266507ACD77214D37ECA3F3082"
dependencies = [
  { name = "Iota" },
]

[[move.package]]
name = "Iota"
source = { git = "https://github.com/iotaledger/iota.git", rev = "testnet", subdir = "crates/iota-framework/packages/iota-framework" }

dependencies = [
  { name = "MoveStdlib" },
]

[[move.package]]
name = "MoveStdlib"
source = { git = "https://github.com/iotaledger/iota.git", rev = "testnet", subdir = "crates/iota-framework/packages/move-stdlib" }

[move.toolchain-version]
compiler-version = "0.9.2-rc"
edition = "2024.beta"
flavor = "iota"

[env]

[env.localnet]
chain-id = "751c0993"
original-published-id = "0x29832adee5ab3673f71db04bfc3abad36d3b9a9ce24595ae709e771a8aa60de9"
latest-published-id = "0x29832adee5ab3673f71db04bfc3abad36d3b9a9ce24595ae709e771a8aa60de9"
published-version = "1"

[env.testnet]
chain-id = "2304aa97"
original-published-id = "0x7d770a34c0cac85262108045fa323db26f3cf635cfd18db9812546674f5789a9"
latest-published-id = "0x7d770a34c0cac85262108045fa323db26f3cf635cfd18db9812546674f5789a9"
published-version = "1"
